github.com/EnricoPicci/go-class-dep-mgmt-mod-c v1.1.0 h1:0DJgPzh6f728xgbqW3MEJ79slyDc4Yt+AjNzcC5rQvs=
github.com/EnricoPicci/go-class-dep-mgmt-mod-c v1.1.0/go.mod h1:RYKvqCuwZFAdFN4zMYUhRZvuJ1NzfgfPCJ+dQLytmRI=
github.com/EnricoPicci/go-class-dep-mgmt-mod-d v1.1.0 h1:b46BoR81w7+ZEPOLZxS7V888/x8sU74xD9qrb0TV4AI=
github.com/EnricoPicci/go-class-dep-mgmt-mod-d v1.1.0/go.mod h1:CeQPpRSpri4oNcOpJLlsh1LJteiFIUbPdYQjBTaK52g=
